
Microsoft Visual Studio Solution File, Format Version 12.00
# Visual Studio Version 17
VisualStudioVersion = 17.9.34616.47
MinimumVisualStudioVersion = 10.0.40219.1
Project("{9A19103F-16F7-4668-BE54-9A1E7A4F7556}") = "TheThingApi", "TheThingApi.csproj", "{64792BBA-45EC-4D16-A663-780A6A9ECCBE}"
EndProject
Global
	GlobalSection(SolutionConfigurationPlatforms) = preSolution
		Debug|Any CPU = Debug|Any CPU
		Release|Any CPU = Release|Any CPU
	EndGlobalSection
	GlobalSection(ProjectConfigurationPlatforms) = postSolution
		{64792BBA-45EC-4D16-A663-780A6A9ECCBE}.Debug|Any CPU.ActiveCfg = Debug|Any CPU
		{64792BBA-45EC-4D16-A663-780A6A9ECCBE}.Debug|Any CPU.Build.0 = Debug|Any CPU
		{64792BBA-45EC-4D16-A663-780A6A9ECCBE}.Release|Any CPU.ActiveCfg = Release|Any CPU
		{64792BBA-45EC-4D16-A663-780A6A9ECCBE}.Release|Any CPU.Build.0 = Release|Any CPU
	EndGlobalSection
	GlobalSection(SolutionProperties) = preSolution
		HideSolutionNode = FALSE
	EndGlobalSection
	GlobalSection(ExtensibilityGlobals) = postSolution
		SolutionGuid = {BAEC8443-287E-483C-B025-35828B20C2B2}
	EndGlobalSection
EndGlobal
